
Microsoft Visual Studio Solution File, Format Version 12.00
# Visual Studio Version 17
VisualStudioVersion = 17.1.32414.318
MinimumVisualStudioVersion = 10.0.40219.1
Project("{FAE04EC0-301F-11D3-BF4B-00C04F79EFBC}") = "Lecture_Methods", "Lecture_Methods.csproj", "{E59B6895-9A12-49C1-9437-7A94A0194BC7}"
EndProject
Global
	GlobalSection(SolutionConfigurationPlatforms) = preSolution
		Debug|Any CPU = Debug|Any CPU
		Release|Any CPU = Release|Any CPU
	EndGlobalSection
	GlobalSection(ProjectConfigurationPlatforms) = postSolution
		{E59B6895-9A12-49C1-9437-7A94A0194BC7}.Debug|Any CPU.ActiveCfg = Debug|Any CPU
		{E59B6895-9A12-49C1-9437-7A94A0194BC7}.Debug|Any CPU.Build.0 = Debug|Any CPU
		{E59B6895-9A12-49C1-9437-7A94A0194BC7}.Release|Any CPU.ActiveCfg = Release|Any CPU
		{E59B6895-9A12-49C1-9437-7A94A0194BC7}.Release|Any CPU.Build.0 = Release|Any CPU
	EndGlobalSection
	GlobalSection(SolutionProperties) = preSolution
		HideSolutionNode = FALSE
	EndGlobalSection
	GlobalSection(ExtensibilityGlobals) = postSolution
		SolutionGuid = {60978335-3DE7-4AAE-BBF2-EAB860C79D2B}
	EndGlobalSection
EndGlobal
